
Microsoft Visual Studio Solution File, Format Version 12.00
# Visual Studio Version 17
VisualStudioVersion = 17.4.33403.182
MinimumVisualStudioVersion = 10.0.40219.1
Project("{FAE04EC0-301F-11D3-BF4B-00C04F79EFBC}") = "BD_Interface", "BD_Interface.csproj", "{842B07EF-5CD1-4140-8BFB-68568C2E467B}"
EndProject
Global
	GlobalSection(SolutionConfigurationPlatforms) = preSolution
		Debug|Any CPU = Debug|Any CPU
		Release|Any CPU = Release|Any CPU
	EndGlobalSection
	GlobalSection(ProjectConfigurationPlatforms) = postSolution
		{842B07EF-5CD1-4140-8BFB-68568C2E467B}.Debug|Any CPU.ActiveCfg = Debug|Any CPU
		{842B07EF-5CD1-4140-8BFB-68568C2E467B}.Debug|Any CPU.Build.0 = Debug|Any CPU
		{842B07EF-5CD1-4140-8BFB-68568C2E467B}.Release|Any CPU.ActiveCfg = Release|Any CPU
		{842B07EF-5CD1-4140-8BFB-68568C2E467B}.Release|Any CPU.Build.0 = Release|Any CPU
	EndGlobalSection
	GlobalSection(SolutionProperties) = preSolution
		HideSolutionNode = FALSE
	EndGlobalSection
	GlobalSection(ExtensibilityGlobals) = postSolution
		SolutionGuid = {8CF5A4B1-BD3E-4B03-A13B-B27AAD38FAA1}
	EndGlobalSection
EndGlobal
